
Microsoft Visual Studio Solution File, Format Version 12.00
# Visual Studio Version 17
VisualStudioVersion = 17.8.34330.188
MinimumVisualStudioVersion = 10.0.40219.1
Project("{9A19103F-16F7-4668-BE54-9A1E7A4F7556}") = "Lancamento.API.Application", "Lancamento.API.Application\Lancamento.API.Application.csproj", "{BB37EAB1-F82D-4D29-A903-32D93E8C4B77}"
EndProject
Project("{9A19103F-16F7-4668-BE54-9A1E7A4F7556}") = "Lancamento.API.Domain", "Lancamento.API.Domain\Lancamento.API.Domain.csproj", "{28710A7C-7370-434F-A0B6-7998CC3EB611}"
EndProject
Project("{9A19103F-16F7-4668-BE54-9A1E7A4F7556}") = "Lancamento.API.Infra.Data", "Lancamento.API.Infra.Data\Lancamento.API.Infra.Data.csproj", "{7866AD73-4A7E-49B8-AC74-337B71EBCE85}"
EndProject
Project("{9A19103F-16F7-4668-BE54-9A1E7A4F7556}") = "Lancamento.API.Tests", "Lancamento.API.Tests\Lancamento.API.Tests.csproj", "{1EC1857E-D8DF-4E83-9B0E-B40023670A4D}"
EndProject
Project("{9A19103F-16F7-4668-BE54-9A1E7A4F7556}") = "Lancamento.API", "Lancamento.API\Lancamento.API.csproj", "{78424E42-6268-4DEF-AA89-09B4F1E4CB36}"
EndProject
Project("{2150E333-8FDC-42A3-9474-1A3956D46DE8}") = "Solution Items", "Solution Items", "{9C2C10E9-75ED-41F3-9D28-DA853D1ECF47}"
	ProjectSection(SolutionItems) = preProject
		Readme.md = Readme.md
		Solucao.png = Solucao.png
	EndProjectSection
EndProject
Project("{2150E333-8FDC-42A3-9474-1A3956D46DE8}") = "RabbitMQ", "RabbitMQ", "{13ED1AE9-2EAB-4085-BE14-0053410C6A1E}"
EndProject
Global
	GlobalSection(SolutionConfigurationPlatforms) = preSolution
		Debug|Any CPU = Debug|Any CPU
		Release|Any CPU = Release|Any CPU
	EndGlobalSection
	GlobalSection(ProjectConfigurationPlatforms) = postSolution
		{BB37EAB1-F82D-4D29-A903-32D93E8C4B77}.Debug|Any CPU.ActiveCfg = Debug|Any CPU
		{BB37EAB1-F82D-4D29-A903-32D93E8C4B77}.Debug|Any CPU.Build.0 = Debug|Any CPU
		{BB37EAB1-F82D-4D29-A903-32D93E8C4B77}.Release|Any CPU.ActiveCfg = Release|Any CPU
		{BB37EAB1-F82D-4D29-A903-32D93E8C4B77}.Release|Any CPU.Build.0 = Release|Any CPU
		{28710A7C-7370-434F-A0B6-7998CC3EB611}.Debug|Any CPU.ActiveCfg = Debug|Any CPU
		{28710A7C-7370-434F-A0B6-7998CC3EB611}.Debug|Any CPU.Build.0 = Debug|Any CPU
		{28710A7C-7370-434F-A0B6-7998CC3EB611}.Release|Any CPU.ActiveCfg = Release|Any CPU
		{28710A7C-7370-434F-A0B6-7998CC3EB611}.Release|Any CPU.Build.0 = Release|Any CPU
		{7866AD73-4A7E-49B8-AC74-337B71EBCE85}.Debug|Any CPU.ActiveCfg = Debug|Any CPU
		{7866AD73-4A7E-49B8-AC74-337B71EBCE85}.Debug|Any CPU.Build.0 = Debug|Any CPU
		{7866AD73-4A7E-49B8-AC74-337B71EBCE85}.Release|Any CPU.ActiveCfg = Release|Any CPU
		{7866AD73-4A7E-49B8-AC74-337B71EBCE85}.Release|Any CPU.Build.0 = Release|Any CPU
		{1EC1857E-D8DF-4E83-9B0E-B40023670A4D}.Debug|Any CPU.ActiveCfg = Debug|Any CPU
		{1EC1857E-D8DF-4E83-9B0E-B40023670A4D}.Debug|Any CPU.Build.0 = Debug|Any CPU
		{1EC1857E-D8DF-4E83-9B0E-B40023670A4D}.Release|Any CPU.ActiveCfg = Release|Any CPU
		{1EC1857E-D8DF-4E83-9B0E-B40023670A4D}.Release|Any CPU.Build.0 = Release|Any CPU
		{78424E42-6268-4DEF-AA89-09B4F1E4CB36}.Debug|Any CPU.ActiveCfg = Debug|Any CPU
		{78424E42-6268-4DEF-AA89-09B4F1E4CB36}.Debug|Any CPU.Build.0 = Debug|Any CPU
		{78424E42-6268-4DEF-AA89-09B4F1E4CB36}.Release|Any CPU.ActiveCfg = Release|Any CPU
		{78424E42-6268-4DEF-AA89-09B4F1E4CB36}.Release|Any CPU.Build.0 = Release|Any CPU
	EndGlobalSection
	GlobalSection(SolutionProperties) = preSolution
		HideSolutionNode = FALSE
	EndGlobalSection
	GlobalSection(ExtensibilityGlobals) = postSolution
		SolutionGuid = {33374CF5-99AA-453D-86B3-0BF4B3F0B37F}
	EndGlobalSection
EndGlobal
